
Microsoft Visual Studio Solution File, Format Version 12.00
# Visual Studio Version 16
VisualStudioVersion = 16.0.31613.86
MinimumVisualStudioVersion = 10.0.40219.1
Project("{FAE04EC0-301F-11D3-BF4B-00C04F79EFBC}") = "Practice2.Android", "Practice2\Practice2.Android\Practice2.Android.csproj", "{FC99D0ED-5978-4CF0-A97A-B82ACC11E86E}"
EndProject
Project("{FAE04EC0-301F-11D3-BF4B-00C04F79EFBC}") = "Practice2.iOS", "Practice2\Practice2.iOS\Practice2.iOS.csproj", "{36AC187A-EC54-40D8-A18A-1FD6147B4228}"
EndProject
Project("{FAE04EC0-301F-11D3-BF4B-00C04F79EFBC}") = "Practice2", "Practice2\Practice2\Practice2.csproj", "{53C68E3D-6AED-4188-AAEA-CC1FE2F25FBA}"
EndProject
Global
	GlobalSection(SolutionConfigurationPlatforms) = preSolution
		Debug|Any CPU = Debug|Any CPU
		Debug|iPhone = Debug|iPhone
		Debug|iPhoneSimulator = Debug|iPhoneSimulator
		Release|Any CPU = Release|Any CPU
		Release|iPhone = Release|iPhone
		Release|iPhoneSimulator = Release|iPhoneSimulator
	EndGlobalSection
	GlobalSection(ProjectConfigurationPlatforms) = postSolution
		{FC99D0ED-5978-4CF0-A97A-B82ACC11E86E}.Debug|Any CPU.ActiveCfg = Debug|Any CPU
		{FC99D0ED-5978-4CF0-A97A-B82ACC11E86E}.Debug|Any CPU.Build.0 = Debug|Any CPU
		{FC99D0ED-5978-4CF0-A97A-B82ACC11E86E}.Debug|Any CPU.Deploy.0 = Debug|Any CPU
		{FC99D0ED-5978-4CF0-A97A-B82ACC11E86E}.Debug|iPhone.ActiveCfg = Debug|Any CPU
		{FC99D0ED-5978-4CF0-A97A-B82ACC11E86E}.Debug|iPhone.Build.0 = Debug|Any CPU
		{FC99D0ED-5978-4CF0-A97A-B82ACC11E86E}.Debug|iPhone.Deploy.0 = Debug|Any CPU
		{FC99D0ED-5978-4CF0-A97A-B82ACC11E86E}.Debug|iPhoneSimulator.ActiveCfg = Debug|Any CPU
		{FC99D0ED-5978-4CF0-A97A-B82ACC11E86E}.Debug|iPhoneSimulator.Build.0 = Debug|Any CPU
		{FC99D0ED-5978-4CF0-A97A-B82ACC11E86E}.Debug|iPhoneSimulator.Deploy.0 = Debug|Any CPU
		{FC99D0ED-5978-4CF0-A97A-B82ACC11E86E}.Release|Any CPU.ActiveCfg = Release|Any CPU
		{FC99D0ED-5978-4CF0-A97A-B82ACC11E86E}.Release|Any CPU.Build.0 = Release|Any CPU
		{FC99D0ED-5978-4CF0-A97A-B82ACC11E86E}.Release|Any CPU.Deploy.0 = Release|Any CPU
		{FC99D0ED-5978-4CF0-A97A-B82ACC11E86E}.Release|iPhone.ActiveCfg = Release|Any CPU
		{FC99D0ED-5978-4CF0-A97A-B82ACC11E86E}.Release|iPhone.Build.0 = Release|Any CPU
		{FC99D0ED-5978-4CF0-A97A-B82ACC11E86E}.Release|iPhone.Deploy.0 = Release|Any CPU
		{FC99D0ED-5978-4CF0-A97A-B82ACC11E86E}.Release|iPhoneSimulator.ActiveCfg = Release|Any CPU
		{FC99D0ED-5978-4CF0-A97A-B82ACC11E86E}.Release|iPhoneSimulator.Build.0 = Release|Any CPU
		{FC99D0ED-5978-4CF0-A97A-B82ACC11E86E}.Release|iPhoneSimulator.Deploy.0 = Release|Any CPU
		{36AC187A-EC54-40D8-A18A-1FD6147B4228}.Debug|Any CPU.ActiveCfg = Debug|iPhone
		{36AC187A-EC54-40D8-A18A-1FD6147B4228}.Debug|Any CPU.Build.0 = Debug|iPhone
		{36AC187A-EC54-40D8-A18A-1FD6147B4228}.Debug|Any CPU.Deploy.0 = Debug|iPhone
		{36AC187A-EC54-40D8-A18A-1FD6147B4228}.Debug|iPhone.ActiveCfg = Debug|iPhone
		{36AC187A-EC54-40D8-A18A-1FD6147B4228}.Debug|iPhone.Build.0 = Debug|iPhone
		{36AC187A-EC54-40D8-A18A-1FD6147B4228}.Debug|iPhone.Deploy.0 = Debug|iPhone
		{36AC187A-EC54-40D8-A18A-1FD6147B4228}.Debug|iPhoneSimulator.ActiveCfg = Debug|iPhoneSimulator
		{36AC187A-EC54-40D8-A18A-1FD6147B4228}.Debug|iPhoneSimulator.Build.0 = Debug|iPhoneSimulator
		{36AC187A-EC54-40D8-A18A-1FD6147B4228}.Debug|iPhoneSimulator.Deploy.0 = Debug|iPhoneSimulator
		{36AC187A-EC54-40D8-A18A-1FD6147B4228}.Release|Any CPU.ActiveCfg = Release|iPhoneSimulator
		{36AC187A-EC54-40D8-A18A-1FD6147B4228}.Release|Any CPU.Build.0 = Release|iPhoneSimulator
		{36AC187A-EC54-40D8-A18A-1FD6147B4228}.Release|Any CPU.Deploy.0 = Release|iPhoneSimulator
		{36AC187A-EC54-40D8-A18A-1FD6147B4228}.Release|iPhone.ActiveCfg = Release|iPhone
		{36AC187A-EC54-40D8-A18A-1FD6147B4228}.Release|iPhone.Build.0 = Release|iPhone
		{36AC187A-EC54-40D8-A18A-1FD6147B4228}.Release|iPhone.Deploy.0 = Release|iPhone
		{36AC187A-EC54-40D8-A18A-1FD6147B4228}.Release|iPhoneSimulator.ActiveCfg = Release|iPhoneSimulator
		{36AC187A-EC54-40D8-A18A-1FD6147B4228}.Release|iPhoneSimulator.Build.0 = Release|iPhoneSimulator
		{36AC187A-EC54-40D8-A18A-1FD6147B4228}.Release|iPhoneSimulator.Deploy.0 = Release|iPhoneSimulator
		{53C68E3D-6AED-4188-AAEA-CC1FE2F25FBA}.Debug|Any CPU.ActiveCfg = Debug|Any CPU
		{53C68E3D-6AED-4188-AAEA-CC1FE2F25FBA}.Debug|Any CPU.Build.0 = Debug|Any CPU
		{53C68E3D-6AED-4188-AAEA-CC1FE2F25FBA}.Debug|Any CPU.Deploy.0 = Debug|Any CPU
		{53C68E3D-6AED-4188-AAEA-CC1FE2F25FBA}.Debug|iPhone.ActiveCfg = Debug|Any CPU
		{53C68E3D-6AED-4188-AAEA-CC1FE2F25FBA}.Debug|iPhone.Build.0 = Debug|Any CPU
		{53C68E3D-6AED-4188-AAEA-CC1FE2F25FBA}.Debug|iPhone.Deploy.0 = Debug|Any CPU
		{53C68E3D-6AED-4188-AAEA-CC1FE2F25FBA}.Debug|iPhoneSimulator.ActiveCfg = Debug|Any CPU
		{53C68E3D-6AED-4188-AAEA-CC1FE2F25FBA}.Debug|iPhoneSimulator.Build.0 = Debug|Any CPU
		{53C68E3D-6AED-4188-AAEA-CC1FE2F25FBA}.Debug|iPhoneSimulator.Deploy.0 = Debug|Any CPU
		{53C68E3D-6AED-4188-AAEA-CC1FE2F25FBA}.Release|Any CPU.ActiveCfg = Release|Any CPU
		{53C68E3D-6AED-4188-AAEA-CC1FE2F25FBA}.Release|Any CPU.Build.0 = Release|Any CPU
		{53C68E3D-6AED-4188-AAEA-CC1FE2F25FBA}.Release|Any CPU.Deploy.0 = Release|Any CPU
		{53C68E3D-6AED-4188-AAEA-CC1FE2F25FBA}.Release|iPhone.ActiveCfg = Release|Any CPU
		{53C68E3D-6AED-4188-AAEA-CC1FE2F25FBA}.Release|iPhone.Build.0 = Release|Any CPU
		{53C68E3D-6AED-4188-AAEA-CC1FE2F25FBA}.Release|iPhone.Deploy.0 = Release|Any CPU
		{53C68E3D-6AED-4188-AAEA-CC1FE2F25FBA}.Release|iPhoneSimulator.ActiveCfg = Release|Any CPU
		{53C68E3D-6AED-4188-AAEA-CC1FE2F25FBA}.Release|iPhoneSimulator.Build.0 = Release|Any CPU
		{53C68E3D-6AED-4188-AAEA-CC1FE2F25FBA}.Release|iPhoneSimulator.Deploy.0 = Release|Any CPU
	EndGlobalSection
	GlobalSection(SolutionProperties) = preSolution
		HideSolutionNode = FALSE
	EndGlobalSection
	GlobalSection(ExtensibilityGlobals) = postSolution
		SolutionGuid = {ABA4C24A-9E1D-4385-A279-6D238ADF88F2}
	EndGlobalSection
EndGlobal
